
Microsoft Visual Studio Solution File, Format Version 12.00
# Visual Studio 15
VisualStudioVersion = 15.0.27703.2047
MinimumVisualStudioVersion = 10.0.40219.1
Project("{FAE04EC0-301F-11D3-BF4B-00C04F79EFBC}") = "HangFireDemo", "HangFireDemo\HangFireDemo.csproj", "{33F18FAD-58C2-4058-B0AB-6E8D556B112D}"
EndProject
Global
	GlobalSection(SolutionConfigurationPlatforms) = preSolution
		Debug|Any CPU = Debug|Any CPU
		Release|Any CPU = Release|Any CPU
	EndGlobalSection
	GlobalSection(ProjectConfigurationPlatforms) = postSolution
		{33F18FAD-58C2-4058-B0AB-6E8D556B112D}.Debug|Any CPU.ActiveCfg = Debug|Any CPU
		{33F18FAD-58C2-4058-B0AB-6E8D556B112D}.Debug|Any CPU.Build.0 = Debug|Any CPU
		{33F18FAD-58C2-4058-B0AB-6E8D556B112D}.Release|Any CPU.ActiveCfg = Release|Any CPU
		{33F18FAD-58C2-4058-B0AB-6E8D556B112D}.Release|Any CPU.Build.0 = Release|Any CPU
	EndGlobalSection
	GlobalSection(SolutionProperties) = preSolution
		HideSolutionNode = FALSE
	EndGlobalSection
	GlobalSection(ExtensibilityGlobals) = postSolution
		SolutionGuid = {6D278B72-3F4C-4DEC-977A-03DCDCF8ED25}
	EndGlobalSection
EndGlobal
